
Microsoft Visual Studio Solution File, Format Version 12.00
# Visual Studio 15
VisualStudioVersion = 15.0.28010.2050
MinimumVisualStudioVersion = 10.0.40219.1
Project("{9A19103F-16F7-4668-BE54-9A1E7A4F7556}") = "EasyCNTK", "EasyCNTK\EasyCNTK.csproj", "{2886035F-BA87-4141-A332-8CDEA6FF1131}"
EndProject
Project("{9A19103F-16F7-4668-BE54-9A1E7A4F7556}") = "EasyCNTK.Tests", "EasyCNTK.Tests\EasyCNTK.Tests.csproj", "{812C328A-975A-4AB4-83C5-9FE0A1D3EACD}"
EndProject
Global
	GlobalSection(SolutionConfigurationPlatforms) = preSolution
		Debug|x64 = Debug|x64
		Release|x64 = Release|x64
	EndGlobalSection
	GlobalSection(ProjectConfigurationPlatforms) = postSolution
		{2886035F-BA87-4141-A332-8CDEA6FF1131}.Debug|x64.ActiveCfg = Debug|x64
		{2886035F-BA87-4141-A332-8CDEA6FF1131}.Debug|x64.Build.0 = Debug|x64
		{2886035F-BA87-4141-A332-8CDEA6FF1131}.Release|x64.ActiveCfg = Release|x64
		{2886035F-BA87-4141-A332-8CDEA6FF1131}.Release|x64.Build.0 = Release|x64
		{812C328A-975A-4AB4-83C5-9FE0A1D3EACD}.Debug|x64.ActiveCfg = Debug|x64
		{812C328A-975A-4AB4-83C5-9FE0A1D3EACD}.Debug|x64.Build.0 = Debug|x64
		{812C328A-975A-4AB4-83C5-9FE0A1D3EACD}.Release|x64.ActiveCfg = Release|x64
		{812C328A-975A-4AB4-83C5-9FE0A1D3EACD}.Release|x64.Build.0 = Release|x64
	EndGlobalSection
	GlobalSection(SolutionProperties) = preSolution
		HideSolutionNode = FALSE
	EndGlobalSection
	GlobalSection(ExtensibilityGlobals) = postSolution
		SolutionGuid = {36DC43A8-E8D1-4D3F-936E-DB2FAE20C85B}
	EndGlobalSection
EndGlobal
